{
  "name": "blocker",
  "lockfileVersion": 2,
  "requires": true,
  "packages": {
    "": {
      "dependencies": {
        "react-native-html-to-pdf": "^0.12.0"
      }
    },
    "node_modules/react-native-html-to-pdf": {
      "version": "0.12.0",
      "resolved": "https://registry.npmjs.org/react-native-html-to-pdf/-/react-native-html-to-pdf-0.12.0.tgz",
      "integrity": "sha512-Yb5WO9SfF86s5Yv9PqXQ7fZDr9zZOJ+6jtweT9zFLraPNHWX7pSxe2dSkeg3cGiNrib65ZXGN6ksHymfYLFSSg=="
    }
  },
  "dependencies": {
    "react-native-html-to-pdf": {
      "version": "0.12.0",
      "resolved": "https://registry.npmjs.org/react-native-html-to-pdf/-/react-native-html-to-pdf-0.12.0.tgz",
      "integrity": "sha512-Yb5WO9SfF86s5Yv9PqXQ7fZDr9zZOJ+6jtweT9zFLraPNHWX7pSxe2dSkeg3cGiNrib65ZXGN6ksHymfYLFSSg=="
    }
  }
}
